
Microsoft Visual Studio Solution File, Format Version 12.00
# Visual Studio 15
VisualStudioVersion = 15.0.28307.1758
MinimumVisualStudioVersion = 10.0.40219.1
Project("{FAE04EC0-301F-11D3-BF4B-00C04F79EFBC}") = "Demo_Application", "Demo_Application\Demo_Application.csproj", "{86CAC450-418F-4344-937E-BAF8F8FF19E7}"
EndProject
Global
	GlobalSection(SolutionConfigurationPlatforms) = preSolution
		Debug|Any CPU = Debug|Any CPU
		Release|Any CPU = Release|Any CPU
	EndGlobalSection
	GlobalSection(ProjectConfigurationPlatforms) = postSolution
		{86CAC450-418F-4344-937E-BAF8F8FF19E7}.Debug|Any CPU.ActiveCfg = Debug|Any CPU
		{86CAC450-418F-4344-937E-BAF8F8FF19E7}.Debug|Any CPU.Build.0 = Debug|Any CPU
		{86CAC450-418F-4344-937E-BAF8F8FF19E7}.Release|Any CPU.ActiveCfg = Release|Any CPU
		{86CAC450-418F-4344-937E-BAF8F8FF19E7}.Release|Any CPU.Build.0 = Release|Any CPU
	EndGlobalSection
	GlobalSection(SolutionProperties) = preSolution
		HideSolutionNode = FALSE
	EndGlobalSection
	GlobalSection(ExtensibilityGlobals) = postSolution
		SolutionGuid = {FF980290-CC42-4A30-A8FF-A59D94C1F6AD}
	EndGlobalSection
EndGlobal
